
Microsoft Visual Studio Solution File, Format Version 12.00
# Visual Studio Version 17
VisualStudioVersion = 17.0.31903.59
MinimumVisualStudioVersion = 10.0.40219.1
Project("{FAE04EC0-301F-11D3-BF4B-00C04F79EFBC}") = "Agile.API.Clients", "Agile.API.Clients\Agile.API.Clients.csproj", "{526A795D-070B-4B44-9F36-9083BECDFC17}"
EndProject
Project("{FAE04EC0-301F-11D3-BF4B-00C04F79EFBC}") = "Neo4jLiteRepo", "Neo4jLiteRepo\Neo4jLiteRepo.csproj", "{362BD5CA-000D-4BF1-A200-E02569D1A389}"
EndProject
Project("{FAE04EC0-301F-11D3-BF4B-00C04F79EFBC}") = "AzureGraphAI.Core", "AzureGraphAI.Core\AzureGraphAI.Core.csproj", "{1BF3E3BB-0D1D-4CEF-B3C1-35DDCDEE9DE5}"
EndProject
Project("{FAE04EC0-301F-11D3-BF4B-00C04F79EFBC}") = "AzureGraphAI.AI", "AzureGraphAI.AI\AzureGraphAI.AI.csproj", "{23DA5319-579E-4027-879F-D0A82A1B33DA}"
EndProject
Project("{FAE04EC0-301F-11D3-BF4B-00C04F79EFBC}") = "AzureGraphAI.Importer", "AzureGraphAI.Importer\AzureGraphAI.Importer.csproj", "{54457464-C9FB-4890-A3E2-4ECBC2A200F8}"
EndProject
Project("{FAE04EC0-301F-11D3-BF4B-00C04F79EFBC}") = "AzureGraphAI.Console", "AzureGraphAI.Console\AzureGraphAI.Console.csproj", "{3989D5B4-7CD6-420F-922F-B54216AB4F24}"
EndProject
Project("{FAE04EC0-301F-11D3-BF4B-00C04F79EFBC}") = "AzureGraphAI.GoogleCloud", "AzureGraphAI.GoogleCloud\AzureGraphAI.GoogleCloud.csproj", "{F775B1B4-6BB0-4F01-AAD8-674C33C30D2D}"
EndProject
Global
	GlobalSection(SolutionConfigurationPlatforms) = preSolution
		Debug|Any CPU = Debug|Any CPU
		Debug|x64 = Debug|x64
		Debug|x86 = Debug|x86
		Release|Any CPU = Release|Any CPU
		Release|x64 = Release|x64
		Release|x86 = Release|x86
	EndGlobalSection
	GlobalSection(ProjectConfigurationPlatforms) = postSolution
		{526A795D-070B-4B44-9F36-9083BECDFC17}.Debug|Any CPU.ActiveCfg = Debug|Any CPU
		{526A795D-070B-4B44-9F36-9083BECDFC17}.Debug|Any CPU.Build.0 = Debug|Any CPU
		{526A795D-070B-4B44-9F36-9083BECDFC17}.Debug|x64.ActiveCfg = Debug|Any CPU
		{526A795D-070B-4B44-9F36-9083BECDFC17}.Debug|x64.Build.0 = Debug|Any CPU
		{526A795D-070B-4B44-9F36-9083BECDFC17}.Debug|x86.ActiveCfg = Debug|Any CPU
		{526A795D-070B-4B44-9F36-9083BECDFC17}.Debug|x86.Build.0 = Debug|Any CPU
		{526A795D-070B-4B44-9F36-9083BECDFC17}.Release|Any CPU.ActiveCfg = Release|Any CPU
		{526A795D-070B-4B44-9F36-9083BECDFC17}.Release|Any CPU.Build.0 = Release|Any CPU
		{526A795D-070B-4B44-9F36-9083BECDFC17}.Release|x64.ActiveCfg = Release|Any CPU
		{526A795D-070B-4B44-9F36-9083BECDFC17}.Release|x64.Build.0 = Release|Any CPU
		{526A795D-070B-4B44-9F36-9083BECDFC17}.Release|x86.ActiveCfg = Release|Any CPU
		{526A795D-070B-4B44-9F36-9083BECDFC17}.Release|x86.Build.0 = Release|Any CPU
		{362BD5CA-000D-4BF1-A200-E02569D1A389}.Debug|Any CPU.ActiveCfg = Debug|Any CPU
		{362BD5CA-000D-4BF1-A200-E02569D1A389}.Debug|Any CPU.Build.0 = Debug|Any CPU
		{362BD5CA-000D-4BF1-A200-E02569D1A389}.Debug|x64.ActiveCfg = Debug|Any CPU
		{362BD5CA-000D-4BF1-A200-E02569D1A389}.Debug|x64.Build.0 = Debug|Any CPU
		{362BD5CA-000D-4BF1-A200-E02569D1A389}.Debug|x86.ActiveCfg = Debug|Any CPU
		{362BD5CA-000D-4BF1-A200-E02569D1A389}.Debug|x86.Build.0 = Debug|Any CPU
		{362BD5CA-000D-4BF1-A200-E02569D1A389}.Release|Any CPU.ActiveCfg = Release|Any CPU
		{362BD5CA-000D-4BF1-A200-E02569D1A389}.Release|Any CPU.Build.0 = Release|Any CPU
		{362BD5CA-000D-4BF1-A200-E02569D1A389}.Release|x64.ActiveCfg = Release|Any CPU
		{362BD5CA-000D-4BF1-A200-E02569D1A389}.Release|x64.Build.0 = Release|Any CPU
		{362BD5CA-000D-4BF1-A200-E02569D1A389}.Release|x86.ActiveCfg = Release|Any CPU
		{362BD5CA-000D-4BF1-A200-E02569D1A389}.Release|x86.Build.0 = Release|Any CPU
		{1BF3E3BB-0D1D-4CEF-B3C1-35DDCDEE9DE5}.Debug|Any CPU.ActiveCfg = Debug|Any CPU
		{1BF3E3BB-0D1D-4CEF-B3C1-35DDCDEE9DE5}.Debug|Any CPU.Build.0 = Debug|Any CPU
		{1BF3E3BB-0D1D-4CEF-B3C1-35DDCDEE9DE5}.Debug|x64.ActiveCfg = Debug|Any CPU
		{1BF3E3BB-0D1D-4CEF-B3C1-35DDCDEE9DE5}.Debug|x64.Build.0 = Debug|Any CPU
		{1BF3E3BB-0D1D-4CEF-B3C1-35DDCDEE9DE5}.Debug|x86.ActiveCfg = Debug|Any CPU
		{1BF3E3BB-0D1D-4CEF-B3C1-35DDCDEE9DE5}.Debug|x86.Build.0 = Debug|Any CPU
		{1BF3E3BB-0D1D-4CEF-B3C1-35DDCDEE9DE5}.Release|Any CPU.ActiveCfg = Release|Any CPU
		{1BF3E3BB-0D1D-4CEF-B3C1-35DDCDEE9DE5}.Release|Any CPU.Build.0 = Release|Any CPU
		{1BF3E3BB-0D1D-4CEF-B3C1-35DDCDEE9DE5}.Release|x64.ActiveCfg = Release|Any CPU
		{1BF3E3BB-0D1D-4CEF-B3C1-35DDCDEE9DE5}.Release|x64.Build.0 = Release|Any CPU
		{1BF3E3BB-0D1D-4CEF-B3C1-35DDCDEE9DE5}.Release|x86.ActiveCfg = Release|Any CPU
		{1BF3E3BB-0D1D-4CEF-B3C1-35DDCDEE9DE5}.Release|x86.Build.0 = Release|Any CPU
		{23DA5319-579E-4027-879F-D0A82A1B33DA}.Debug|Any CPU.ActiveCfg = Debug|Any CPU
		{23DA5319-579E-4027-879F-D0A82A1B33DA}.Debug|Any CPU.Build.0 = Debug|Any CPU
		{23DA5319-579E-4027-879F-D0A82A1B33DA}.Debug|x64.ActiveCfg = Debug|Any CPU
		{23DA5319-579E-4027-879F-D0A82A1B33DA}.Debug|x64.Build.0 = Debug|Any CPU
		{23DA5319-579E-4027-879F-D0A82A1B33DA}.Debug|x86.ActiveCfg = Debug|Any CPU
		{23DA5319-579E-4027-879F-D0A82A1B33DA}.Debug|x86.Build.0 = Debug|Any CPU
		{23DA5319-579E-4027-879F-D0A82A1B33DA}.Release|Any CPU.ActiveCfg = Release|Any CPU
		{23DA5319-579E-4027-879F-D0A82A1B33DA}.Release|Any CPU.Build.0 = Release|Any CPU
		{23DA5319-579E-4027-879F-D0A82A1B33DA}.Release|x64.ActiveCfg = Release|Any CPU
		{23DA5319-579E-4027-879F-D0A82A1B33DA}.Release|x64.Build.0 = Release|Any CPU
		{23DA5319-579E-4027-879F-D0A82A1B33DA}.Release|x86.ActiveCfg = Release|Any CPU
		{23DA5319-579E-4027-879F-D0A82A1B33DA}.Release|x86.Build.0 = Release|Any CPU
		{54457464-C9FB-4890-A3E2-4ECBC2A200F8}.Debug|Any CPU.ActiveCfg = Debug|Any CPU
		{54457464-C9FB-4890-A3E2-4ECBC2A200F8}.Debug|Any CPU.Build.0 = Debug|Any CPU
		{54457464-C9FB-4890-A3E2-4ECBC2A200F8}.Debug|x64.ActiveCfg = Debug|Any CPU
		{54457464-C9FB-4890-A3E2-4ECBC2A200F8}.Debug|x64.Build.0 = Debug|Any CPU
		{54457464-C9FB-4890-A3E2-4ECBC2A200F8}.Debug|x86.ActiveCfg = Debug|Any CPU
		{54457464-C9FB-4890-A3E2-4ECBC2A200F8}.Debug|x86.Build.0 = Debug|Any CPU
		{54457464-C9FB-4890-A3E2-4ECBC2A200F8}.Release|Any CPU.ActiveCfg = Release|Any CPU
		{54457464-C9FB-4890-A3E2-4ECBC2A200F8}.Release|Any CPU.Build.0 = Release|Any CPU
		{54457464-C9FB-4890-A3E2-4ECBC2A200F8}.Release|x64.ActiveCfg = Release|Any CPU
		{54457464-C9FB-4890-A3E2-4ECBC2A200F8}.Release|x64.Build.0 = Release|Any CPU
		{54457464-C9FB-4890-A3E2-4ECBC2A200F8}.Release|x86.ActiveCfg = Release|Any CPU
		{54457464-C9FB-4890-A3E2-4ECBC2A200F8}.Release|x86.Build.0 = Release|Any CPU
		{3989D5B4-7CD6-420F-922F-B54216AB4F24}.Debug|Any CPU.ActiveCfg = Debug|Any CPU
		{3989D5B4-7CD6-420F-922F-B54216AB4F24}.Debug|Any CPU.Build.0 = Debug|Any CPU
		{3989D5B4-7CD6-420F-922F-B54216AB4F24}.Debug|x64.ActiveCfg = Debug|Any CPU
		{3989D5B4-7CD6-420F-922F-B54216AB4F24}.Debug|x64.Build.0 = Debug|Any CPU
		{3989D5B4-7CD6-420F-922F-B54216AB4F24}.Debug|x86.ActiveCfg = Debug|Any CPU
		{3989D5B4-7CD6-420F-922F-B54216AB4F24}.Debug|x86.Build.0 = Debug|Any CPU
		{3989D5B4-7CD6-420F-922F-B54216AB4F24}.Release|Any CPU.ActiveCfg = Release|Any CPU
		{3989D5B4-7CD6-420F-922F-B54216AB4F24}.Release|Any CPU.Build.0 = Release|Any CPU
		{3989D5B4-7CD6-420F-922F-B54216AB4F24}.Release|x64.ActiveCfg = Release|Any CPU
		{3989D5B4-7CD6-420F-922F-B54216AB4F24}.Release|x64.Build.0 = Release|Any CPU
		{3989D5B4-7CD6-420F-922F-B54216AB4F24}.Release|x86.ActiveCfg = Release|Any CPU
		{3989D5B4-7CD6-420F-922F-B54216AB4F24}.Release|x86.Build.0 = Release|Any CPU
		{F775B1B4-6BB0-4F01-AAD8-674C33C30D2D}.Debug|Any CPU.ActiveCfg = Debug|Any CPU
		{F775B1B4-6BB0-4F01-AAD8-674C33C30D2D}.Debug|Any CPU.Build.0 = Debug|Any CPU
		{F775B1B4-6BB0-4F01-AAD8-674C33C30D2D}.Debug|x64.ActiveCfg = Debug|Any CPU
		{F775B1B4-6BB0-4F01-AAD8-674C33C30D2D}.Debug|x64.Build.0 = Debug|Any CPU
		{F775B1B4-6BB0-4F01-AAD8-674C33C30D2D}.Debug|x86.ActiveCfg = Debug|Any CPU
		{F775B1B4-6BB0-4F01-AAD8-674C33C30D2D}.Debug|x86.Build.0 = Debug|Any CPU
		{F775B1B4-6BB0-4F01-AAD8-674C33C30D2D}.Release|Any CPU.ActiveCfg = Release|Any CPU
		{F775B1B4-6BB0-4F01-AAD8-674C33C30D2D}.Release|Any CPU.Build.0 = Release|Any CPU
		{F775B1B4-6BB0-4F01-AAD8-674C33C30D2D}.Release|x64.ActiveCfg = Release|Any CPU
		{F775B1B4-6BB0-4F01-AAD8-674C33C30D2D}.Release|x64.Build.0 = Release|Any CPU
		{F775B1B4-6BB0-4F01-AAD8-674C33C30D2D}.Release|x86.ActiveCfg = Release|Any CPU
		{F775B1B4-6BB0-4F01-AAD8-674C33C30D2D}.Release|x86.Build.0 = Release|Any CPU
	EndGlobalSection
	GlobalSection(SolutionProperties) = preSolution
		HideSolutionNode = FALSE
	EndGlobalSection
EndGlobal
